
Microsoft Visual Studio Solution File, Format Version 12.00
# Visual Studio Version 16
VisualStudioVersion = 16.0.30621.155
MinimumVisualStudioVersion = 10.0.40219.1
Project("{2150E333-8FDC-42A3-9474-1A3956D46DE8}") = "2020", "2020", "{B4F886B9-9D51-4B7E-AF36-02D9F1461666}"
EndProject
Project("{2150E333-8FDC-42A3-9474-1A3956D46DE8}") = "c", "c", "{1E047D7D-6F6D-488D-9F6F-CC83AEC47FF1}"
EndProject
Project("{8BC9CEB8-8B4A-11D0-8D11-00A0C91BC942}") = "day01", "2020\c\vs\day01\day01.vcxproj", "{8DEC28E2-FF99-4360-9CC0-836C5D14A063}"
EndProject
Project("{8BC9CEB8-8B4A-11D0-8D11-00A0C91BC942}") = "day02", "2020\c\vs\day02\day02.vcxproj", "{59541E0A-0BDB-47F2-B943-3C018CEB35BF}"
EndProject
Project("{8BC9CEB8-8B4A-11D0-8D11-00A0C91BC942}") = "day03", "2020\c\vs\day03\day03.vcxproj", "{DE2CE518-CB8F-4207-950F-AF17F5788088}"
EndProject
Project("{8BC9CEB8-8B4A-11D0-8D11-00A0C91BC942}") = "day04", "2020\c\vs\day04\day04.vcxproj", "{44EF6DC3-46B8-4AFF-995E-EA33D18A7789}"
EndProject
Project("{8BC9CEB8-8B4A-11D0-8D11-00A0C91BC942}") = "day05", "2020\c\vs\day05\day05.vcxproj", "{7A0C93A9-AB55-4F44-9036-BEAF55CAB416}"
EndProject
Project("{8BC9CEB8-8B4A-11D0-8D11-00A0C91BC942}") = "day06", "2020\c\vs\day06\day06.vcxproj", "{AF08E1C7-521C-49DB-AD57-7EA88C1190A8}"
EndProject
Project("{8BC9CEB8-8B4A-11D0-8D11-00A0C91BC942}") = "day07", "2020\c\vs\day07\day07.vcxproj", "{705B5143-98EA-4C85-8A9F-7B9B5E06C224}"
EndProject
Project("{8BC9CEB8-8B4A-11D0-8D11-00A0C91BC942}") = "day08", "2020\c\vs\day08\day08.vcxproj", "{DAFD32A9-579E-419E-BDDD-6BE1077421A5}"
EndProject
Project("{8BC9CEB8-8B4A-11D0-8D11-00A0C91BC942}") = "day09", "2020\c\vs\day09\day09.vcxproj", "{F1652D59-2535-4315-8DEC-5B97D2281173}"
EndProject
Project("{8BC9CEB8-8B4A-11D0-8D11-00A0C91BC942}") = "day10", "2020\c\vs\day10\day10.vcxproj", "{1A55291D-1BB4-47E9-BE0E-106448C6209A}"
EndProject
Project("{8BC9CEB8-8B4A-11D0-8D11-00A0C91BC942}") = "day11", "2020\c\vs\day11\day11.vcxproj", "{F0D57716-3984-4CB1-B070-4B9B6EDAE41A}"
EndProject
Project("{8BC9CEB8-8B4A-11D0-8D11-00A0C91BC942}") = "day12", "2020\c\vs\day12\day12.vcxproj", "{631F0F71-E29E-4941-AC9D-B33526A45506}"
EndProject
Project("{8BC9CEB8-8B4A-11D0-8D11-00A0C91BC942}") = "day13", "2020\c\vs\day13\day13.vcxproj", "{578A00C7-4BB9-49E2-881E-77ED6D9E3403}"
EndProject
Project("{8BC9CEB8-8B4A-11D0-8D11-00A0C91BC942}") = "day14", "2020\c\vs\day14\day14.vcxproj", "{3FF04BA2-8C6F-49BC-8EF3-3C7648273B99}"
EndProject
Project("{8BC9CEB8-8B4A-11D0-8D11-00A0C91BC942}") = "day15", "2020\c\vs\day15\day15.vcxproj", "{5660DA08-54C9-4887-A6E6-4407E6D28D1D}"
EndProject
Project("{8BC9CEB8-8B4A-11D0-8D11-00A0C91BC942}") = "day16", "2020\c\vs\day16\day16.vcxproj", "{BB94A64D-791B-4288-9367-11FCA84421CE}"
EndProject
Project("{8BC9CEB8-8B4A-11D0-8D11-00A0C91BC942}") = "day17", "2020\c\vs\day17\day17.vcxproj", "{B72EE4FB-65D6-4286-9378-534DC9FEECB1}"
EndProject
Project("{8BC9CEB8-8B4A-11D0-8D11-00A0C91BC942}") = "day18", "2020\c\vs\day18\day18.vcxproj", "{779C51AC-1AAC-466D-90DE-C269347DCDA8}"
EndProject
Project("{8BC9CEB8-8B4A-11D0-8D11-00A0C91BC942}") = "day19", "2020\c\vs\day19\day19.vcxproj", "{75FFF26F-8FA7-4470-8EE4-38BA36E235CB}"
EndProject
Project("{8BC9CEB8-8B4A-11D0-8D11-00A0C91BC942}") = "day20", "2020\c\vs\day20\day20.vcxproj", "{FEF57979-0A12-40F8-965D-3E227BFC73E5}"
EndProject
Project("{8BC9CEB8-8B4A-11D0-8D11-00A0C91BC942}") = "day21", "2020\c\vs\day21\day21.vcxproj", "{342AE47E-C52E-4B74-8CCA-54DDCDF85B9B}"
EndProject
Project("{8BC9CEB8-8B4A-11D0-8D11-00A0C91BC942}") = "day22", "2020\c\vs\day22\day22.vcxproj", "{980C2DA7-75EB-43E6-A93A-2853618C940C}"
EndProject
Project("{8BC9CEB8-8B4A-11D0-8D11-00A0C91BC942}") = "day23", "2020\c\vs\day23\day23.vcxproj", "{A01319A8-9AF5-456E-8B0A-646F0C315C1C}"
EndProject
Project("{8BC9CEB8-8B4A-11D0-8D11-00A0C91BC942}") = "day24", "2020\c\vs\day24\day24.vcxproj", "{E9F6BD69-5ECF-4752-98D6-2AAD02261A60}"
EndProject
Project("{8BC9CEB8-8B4A-11D0-8D11-00A0C91BC942}") = "day25", "2020\c\vs\day25\day25.vcxproj", "{CD7AC3CC-708E-4D01-8581-CADC80A75184}"
EndProject
Project("{8BC9CEB8-8B4A-11D0-8D11-00A0C91BC942}") = "compat", "2020\c\vs\compat\compat.vcxproj", "{5801E4E5-20FD-4C9A-9C7E-A440D6B7AC1D}"
EndProject
Global
	GlobalSection(SolutionConfigurationPlatforms) = preSolution
		Debug|x64 = Debug|x64
		Debug|x86 = Debug|x86
		Release|x64 = Release|x64
		Release|x86 = Release|x86
	EndGlobalSection
	GlobalSection(ProjectConfigurationPlatforms) = postSolution
		{8DEC28E2-FF99-4360-9CC0-836C5D14A063}.Debug|x64.ActiveCfg = Debug|x64
		{8DEC28E2-FF99-4360-9CC0-836C5D14A063}.Debug|x64.Build.0 = Debug|x64
		{8DEC28E2-FF99-4360-9CC0-836C5D14A063}.Debug|x86.ActiveCfg = Debug|Win32
		{8DEC28E2-FF99-4360-9CC0-836C5D14A063}.Debug|x86.Build.0 = Debug|Win32
		{8DEC28E2-FF99-4360-9CC0-836C5D14A063}.Release|x64.ActiveCfg = Release|x64
		{8DEC28E2-FF99-4360-9CC0-836C5D14A063}.Release|x64.Build.0 = Release|x64
		{8DEC28E2-FF99-4360-9CC0-836C5D14A063}.Release|x86.ActiveCfg = Release|Win32
		{8DEC28E2-FF99-4360-9CC0-836C5D14A063}.Release|x86.Build.0 = Release|Win32
		{59541E0A-0BDB-47F2-B943-3C018CEB35BF}.Debug|x64.ActiveCfg = Debug|x64
		{59541E0A-0BDB-47F2-B943-3C018CEB35BF}.Debug|x64.Build.0 = Debug|x64
		{59541E0A-0BDB-47F2-B943-3C018CEB35BF}.Debug|x86.ActiveCfg = Debug|Win32
		{59541E0A-0BDB-47F2-B943-3C018CEB35BF}.Debug|x86.Build.0 = Debug|Win32
		{59541E0A-0BDB-47F2-B943-3C018CEB35BF}.Release|x64.ActiveCfg = Release|x64
		{59541E0A-0BDB-47F2-B943-3C018CEB35BF}.Release|x64.Build.0 = Release|x64
		{59541E0A-0BDB-47F2-B943-3C018CEB35BF}.Release|x86.ActiveCfg = Release|Win32
		{59541E0A-0BDB-47F2-B943-3C018CEB35BF}.Release|x86.Build.0 = Release|Win32
		{DE2CE518-CB8F-4207-950F-AF17F5788088}.Debug|x64.ActiveCfg = Debug|x64
		{DE2CE518-CB8F-4207-950F-AF17F5788088}.Debug|x64.Build.0 = Debug|x64
		{DE2CE518-CB8F-4207-950F-AF17F5788088}.Debug|x86.ActiveCfg = Debug|Win32
		{DE2CE518-CB8F-4207-950F-AF17F5788088}.Debug|x86.Build.0 = Debug|Win32
		{DE2CE518-CB8F-4207-950F-AF17F5788088}.Release|x64.ActiveCfg = Release|x64
		{DE2CE518-CB8F-4207-950F-AF17F5788088}.Release|x64.Build.0 = Release|x64
		{DE2CE518-CB8F-4207-950F-AF17F5788088}.Release|x86.ActiveCfg = Release|Win32
		{DE2CE518-CB8F-4207-950F-AF17F5788088}.Release|x86.Build.0 = Release|Win32
		{44EF6DC3-46B8-4AFF-995E-EA33D18A7789}.Debug|x64.ActiveCfg = Debug|x64
		{44EF6DC3-46B8-4AFF-995E-EA33D18A7789}.Debug|x64.Build.0 = Debug|x64
		{44EF6DC3-46B8-4AFF-995E-EA33D18A7789}.Debug|x86.ActiveCfg = Debug|Win32
		{44EF6DC3-46B8-4AFF-995E-EA33D18A7789}.Debug|x86.Build.0 = Debug|Win32
		{44EF6DC3-46B8-4AFF-995E-EA33D18A7789}.Release|x64.ActiveCfg = Release|x64
		{44EF6DC3-46B8-4AFF-995E-EA33D18A7789}.Release|x64.Build.0 = Release|x64
		{44EF6DC3-46B8-4AFF-995E-EA33D18A7789}.Release|x86.ActiveCfg = Release|Win32
		{44EF6DC3-46B8-4AFF-995E-EA33D18A7789}.Release|x86.Build.0 = Release|Win32
		{7A0C93A9-AB55-4F44-9036-BEAF55CAB416}.Debug|x64.ActiveCfg = Debug|x64
		{7A0C93A9-AB55-4F44-9036-BEAF55CAB416}.Debug|x64.Build.0 = Debug|x64
		{7A0C93A9-AB55-4F44-9036-BEAF55CAB416}.Debug|x86.ActiveCfg = Debug|Win32
		{7A0C93A9-AB55-4F44-9036-BEAF55CAB416}.Debug|x86.Build.0 = Debug|Win32
		{7A0C93A9-AB55-4F44-9036-BEAF55CAB416}.Release|x64.ActiveCfg = Release|x64
		{7A0C93A9-AB55-4F44-9036-BEAF55CAB416}.Release|x64.Build.0 = Release|x64
		{7A0C93A9-AB55-4F44-9036-BEAF55CAB416}.Release|x86.ActiveCfg = Release|Win32
		{7A0C93A9-AB55-4F44-9036-BEAF55CAB416}.Release|x86.Build.0 = Release|Win32
		{AF08E1C7-521C-49DB-AD57-7EA88C1190A8}.Debug|x64.ActiveCfg = Debug|x64
		{AF08E1C7-521C-49DB-AD57-7EA88C1190A8}.Debug|x64.Build.0 = Debug|x64
		{AF08E1C7-521C-49DB-AD57-7EA88C1190A8}.Debug|x86.ActiveCfg = Debug|Win32
		{AF08E1C7-521C-49DB-AD57-7EA88C1190A8}.Debug|x86.Build.0 = Debug|Win32
		{AF08E1C7-521C-49DB-AD57-7EA88C1190A8}.Release|x64.ActiveCfg = Release|x64
		{AF08E1C7-521C-49DB-AD57-7EA88C1190A8}.Release|x64.Build.0 = Release|x64
		{AF08E1C7-521C-49DB-AD57-7EA88C1190A8}.Release|x86.ActiveCfg = Release|Win32
		{AF08E1C7-521C-49DB-AD57-7EA88C1190A8}.Release|x86.Build.0 = Release|Win32
		{705B5143-98EA-4C85-8A9F-7B9B5E06C224}.Debug|x64.ActiveCfg = Debug|x64
		{705B5143-98EA-4C85-8A9F-7B9B5E06C224}.Debug|x64.Build.0 = Debug|x64
		{705B5143-98EA-4C85-8A9F-7B9B5E06C224}.Debug|x86.ActiveCfg = Debug|Win32
		{705B5143-98EA-4C85-8A9F-7B9B5E06C224}.Debug|x86.Build.0 = Debug|Win32
		{705B5143-98EA-4C85-8A9F-7B9B5E06C224}.Release|x64.ActiveCfg = Release|x64
		{705B5143-98EA-4C85-8A9F-7B9B5E06C224}.Release|x64.Build.0 = Release|x64
		{705B5143-98EA-4C85-8A9F-7B9B5E06C224}.Release|x86.ActiveCfg = Release|Win32
		{705B5143-98EA-4C85-8A9F-7B9B5E06C224}.Release|x86.Build.0 = Release|Win32
		{DAFD32A9-579E-419E-BDDD-6BE1077421A5}.Debug|x64.ActiveCfg = Debug|x64
		{DAFD32A9-579E-419E-BDDD-6BE1077421A5}.Debug|x64.Build.0 = Debug|x64
		{DAFD32A9-579E-419E-BDDD-6BE1077421A5}.Debug|x86.ActiveCfg = Debug|Win32
		{DAFD32A9-579E-419E-BDDD-6BE1077421A5}.Debug|x86.Build.0 = Debug|Win32
		{DAFD32A9-579E-419E-BDDD-6BE1077421A5}.Release|x64.ActiveCfg = Release|x64
		{DAFD32A9-579E-419E-BDDD-6BE1077421A5}.Release|x64.Build.0 = Release|x64
		{DAFD32A9-579E-419E-BDDD-6BE1077421A5}.Release|x86.ActiveCfg = Release|Win32
		{DAFD32A9-579E-419E-BDDD-6BE1077421A5}.Release|x86.Build.0 = Release|Win32
		{F1652D59-2535-4315-8DEC-5B97D2281173}.Debug|x64.ActiveCfg = Debug|x64
		{F1652D59-2535-4315-8DEC-5B97D2281173}.Debug|x64.Build.0 = Debug|x64
		{F1652D59-2535-4315-8DEC-5B97D2281173}.Debug|x86.ActiveCfg = Debug|Win32
		{F1652D59-2535-4315-8DEC-5B97D2281173}.Debug|x86.Build.0 = Debug|Win32
		{F1652D59-2535-4315-8DEC-5B97D2281173}.Release|x64.ActiveCfg = Release|x64
		{F1652D59-2535-4315-8DEC-5B97D2281173}.Release|x64.Build.0 = Release|x64
		{F1652D59-2535-4315-8DEC-5B97D2281173}.Release|x86.ActiveCfg = Release|Win32
		{F1652D59-2535-4315-8DEC-5B97D2281173}.Release|x86.Build.0 = Release|Win32
		{1A55291D-1BB4-47E9-BE0E-106448C6209A}.Debug|x64.ActiveCfg = Debug|x64
		{1A55291D-1BB4-47E9-BE0E-106448C6209A}.Debug|x64.Build.0 = Debug|x64
		{1A55291D-1BB4-47E9-BE0E-106448C6209A}.Debug|x86.ActiveCfg = Debug|Win32
		{1A55291D-1BB4-47E9-BE0E-106448C6209A}.Debug|x86.Build.0 = Debug|Win32
		{1A55291D-1BB4-47E9-BE0E-106448C6209A}.Release|x64.ActiveCfg = Release|x64
		{1A55291D-1BB4-47E9-BE0E-106448C6209A}.Release|x64.Build.0 = Release|x64
		{1A55291D-1BB4-47E9-BE0E-106448C6209A}.Release|x86.ActiveCfg = Release|Win32
		{1A55291D-1BB4-47E9-BE0E-106448C6209A}.Release|x86.Build.0 = Release|Win32
		{F0D57716-3984-4CB1-B070-4B9B6EDAE41A}.Debug|x64.ActiveCfg = Debug|x64
		{F0D57716-3984-4CB1-B070-4B9B6EDAE41A}.Debug|x64.Build.0 = Debug|x64
		{F0D57716-3984-4CB1-B070-4B9B6EDAE41A}.Debug|x86.ActiveCfg = Debug|Win32
		{F0D57716-3984-4CB1-B070-4B9B6EDAE41A}.Debug|x86.Build.0 = Debug|Win32
		{F0D57716-3984-4CB1-B070-4B9B6EDAE41A}.Release|x64.ActiveCfg = Release|x64
		{F0D57716-3984-4CB1-B070-4B9B6EDAE41A}.Release|x64.Build.0 = Release|x64
		{F0D57716-3984-4CB1-B070-4B9B6EDAE41A}.Release|x86.ActiveCfg = Release|Win32
		{F0D57716-3984-4CB1-B070-4B9B6EDAE41A}.Release|x86.Build.0 = Release|Win32
		{631F0F71-E29E-4941-AC9D-B33526A45506}.Debug|x64.ActiveCfg = Debug|x64
		{631F0F71-E29E-4941-AC9D-B33526A45506}.Debug|x64.Build.0 = Debug|x64
		{631F0F71-E29E-4941-AC9D-B33526A45506}.Debug|x86.ActiveCfg = Debug|Win32
		{631F0F71-E29E-4941-AC9D-B33526A45506}.Debug|x86.Build.0 = Debug|Win32
		{631F0F71-E29E-4941-AC9D-B33526A45506}.Release|x64.ActiveCfg = Release|x64
		{631F0F71-E29E-4941-AC9D-B33526A45506}.Release|x64.Build.0 = Release|x64
		{631F0F71-E29E-4941-AC9D-B33526A45506}.Release|x86.ActiveCfg = Release|Win32
		{631F0F71-E29E-4941-AC9D-B33526A45506}.Release|x86.Build.0 = Release|Win32
		{578A00C7-4BB9-49E2-881E-77ED6D9E3403}.Debug|x64.ActiveCfg = Debug|x64
		{578A00C7-4BB9-49E2-881E-77ED6D9E3403}.Debug|x64.Build.0 = Debug|x64
		{578A00C7-4BB9-49E2-881E-77ED6D9E3403}.Debug|x86.ActiveCfg = Debug|Win32
		{578A00C7-4BB9-49E2-881E-77ED6D9E3403}.Debug|x86.Build.0 = Debug|Win32
		{578A00C7-4BB9-49E2-881E-77ED6D9E3403}.Release|x64.ActiveCfg = Release|x64
		{578A00C7-4BB9-49E2-881E-77ED6D9E3403}.Release|x64.Build.0 = Release|x64
		{578A00C7-4BB9-49E2-881E-77ED6D9E3403}.Release|x86.ActiveCfg = Release|Win32
		{578A00C7-4BB9-49E2-881E-77ED6D9E3403}.Release|x86.Build.0 = Release|Win32
		{3FF04BA2-8C6F-49BC-8EF3-3C7648273B99}.Debug|x64.ActiveCfg = Debug|x64
		{3FF04BA2-8C6F-49BC-8EF3-3C7648273B99}.Debug|x64.Build.0 = Debug|x64
		{3FF04BA2-8C6F-49BC-8EF3-3C7648273B99}.Debug|x86.ActiveCfg = Debug|Win32
		{3FF04BA2-8C6F-49BC-8EF3-3C7648273B99}.Debug|x86.Build.0 = Debug|Win32
		{3FF04BA2-8C6F-49BC-8EF3-3C7648273B99}.Release|x64.ActiveCfg = Release|x64
		{3FF04BA2-8C6F-49BC-8EF3-3C7648273B99}.Release|x64.Build.0 = Release|x64
		{3FF04BA2-8C6F-49BC-8EF3-3C7648273B99}.Release|x86.ActiveCfg = Release|Win32
		{3FF04BA2-8C6F-49BC-8EF3-3C7648273B99}.Release|x86.Build.0 = Release|Win32
		{5660DA08-54C9-4887-A6E6-4407E6D28D1D}.Debug|x64.ActiveCfg = Debug|x64
		{5660DA08-54C9-4887-A6E6-4407E6D28D1D}.Debug|x64.Build.0 = Debug|x64
		{5660DA08-54C9-4887-A6E6-4407E6D28D1D}.Debug|x86.ActiveCfg = Debug|Win32
		{5660DA08-54C9-4887-A6E6-4407E6D28D1D}.Debug|x86.Build.0 = Debug|Win32
		{5660DA08-54C9-4887-A6E6-4407E6D28D1D}.Release|x64.ActiveCfg = Release|x64
		{5660DA08-54C9-4887-A6E6-4407E6D28D1D}.Release|x64.Build.0 = Release|x64
		{5660DA08-54C9-4887-A6E6-4407E6D28D1D}.Release|x86.ActiveCfg = Release|Win32
		{5660DA08-54C9-4887-A6E6-4407E6D28D1D}.Release|x86.Build.0 = Release|Win32
		{BB94A64D-791B-4288-9367-11FCA84421CE}.Debug|x64.ActiveCfg = Debug|x64
		{BB94A64D-791B-4288-9367-11FCA84421CE}.Debug|x64.Build.0 = Debug|x64
		{BB94A64D-791B-4288-9367-11FCA84421CE}.Debug|x86.ActiveCfg = Debug|Win32
		{BB94A64D-791B-4288-9367-11FCA84421CE}.Debug|x86.Build.0 = Debug|Win32
		{BB94A64D-791B-4288-9367-11FCA84421CE}.Release|x64.ActiveCfg = Release|x64
		{BB94A64D-791B-4288-9367-11FCA84421CE}.Release|x64.Build.0 = Release|x64
		{BB94A64D-791B-4288-9367-11FCA84421CE}.Release|x86.ActiveCfg = Release|Win32
		{BB94A64D-791B-4288-9367-11FCA84421CE}.Release|x86.Build.0 = Release|Win32
		{B72EE4FB-65D6-4286-9378-534DC9FEECB1}.Debug|x64.ActiveCfg = Debug|x64
		{B72EE4FB-65D6-4286-9378-534DC9FEECB1}.Debug|x64.Build.0 = Debug|x64
		{B72EE4FB-65D6-4286-9378-534DC9FEECB1}.Debug|x86.ActiveCfg = Debug|Win32
		{B72EE4FB-65D6-4286-9378-534DC9FEECB1}.Debug|x86.Build.0 = Debug|Win32
		{B72EE4FB-65D6-4286-9378-534DC9FEECB1}.Release|x64.ActiveCfg = Release|x64
		{B72EE4FB-65D6-4286-9378-534DC9FEECB1}.Release|x64.Build.0 = Release|x64
		{B72EE4FB-65D6-4286-9378-534DC9FEECB1}.Release|x86.ActiveCfg = Release|Win32
		{B72EE4FB-65D6-4286-9378-534DC9FEECB1}.Release|x86.Build.0 = Release|Win32
		{779C51AC-1AAC-466D-90DE-C269347DCDA8}.Debug|x64.ActiveCfg = Debug|x64
		{779C51AC-1AAC-466D-90DE-C269347DCDA8}.Debug|x64.Build.0 = Debug|x64
		{779C51AC-1AAC-466D-90DE-C269347DCDA8}.Debug|x86.ActiveCfg = Debug|Win32
		{779C51AC-1AAC-466D-90DE-C269347DCDA8}.Debug|x86.Build.0 = Debug|Win32
		{779C51AC-1AAC-466D-90DE-C269347DCDA8}.Release|x64.ActiveCfg = Release|x64
		{779C51AC-1AAC-466D-90DE-C269347DCDA8}.Release|x64.Build.0 = Release|x64
		{779C51AC-1AAC-466D-90DE-C269347DCDA8}.Release|x86.ActiveCfg = Release|Win32
		{779C51AC-1AAC-466D-90DE-C269347DCDA8}.Release|x86.Build.0 = Release|Win32
		{75FFF26F-8FA7-4470-8EE4-38BA36E235CB}.Debug|x64.ActiveCfg = Debug|x64
		{75FFF26F-8FA7-4470-8EE4-38BA36E235CB}.Debug|x64.Build.0 = Debug|x64
		{75FFF26F-8FA7-4470-8EE4-38BA36E235CB}.Debug|x86.ActiveCfg = Debug|Win32
		{75FFF26F-8FA7-4470-8EE4-38BA36E235CB}.Debug|x86.Build.0 = Debug|Win32
		{75FFF26F-8FA7-4470-8EE4-38BA36E235CB}.Release|x64.ActiveCfg = Release|x64
		{75FFF26F-8FA7-4470-8EE4-38BA36E235CB}.Release|x64.Build.0 = Release|x64
		{75FFF26F-8FA7-4470-8EE4-38BA36E235CB}.Release|x86.ActiveCfg = Release|Win32
		{75FFF26F-8FA7-4470-8EE4-38BA36E235CB}.Release|x86.Build.0 = Release|Win32
		{FEF57979-0A12-40F8-965D-3E227BFC73E5}.Debug|x64.ActiveCfg = Debug|x64
		{FEF57979-0A12-40F8-965D-3E227BFC73E5}.Debug|x64.Build.0 = Debug|x64
		{FEF57979-0A12-40F8-965D-3E227BFC73E5}.Debug|x86.ActiveCfg = Debug|Win32
		{FEF57979-0A12-40F8-965D-3E227BFC73E5}.Debug|x86.Build.0 = Debug|Win32
		{FEF57979-0A12-40F8-965D-3E227BFC73E5}.Release|x64.ActiveCfg = Release|x64
		{FEF57979-0A12-40F8-965D-3E227BFC73E5}.Release|x64.Build.0 = Release|x64
		{FEF57979-0A12-40F8-965D-3E227BFC73E5}.Release|x86.ActiveCfg = Release|Win32
		{FEF57979-0A12-40F8-965D-3E227BFC73E5}.Release|x86.Build.0 = Release|Win32
		{342AE47E-C52E-4B74-8CCA-54DDCDF85B9B}.Debug|x64.ActiveCfg = Debug|x64
		{342AE47E-C52E-4B74-8CCA-54DDCDF85B9B}.Debug|x64.Build.0 = Debug|x64
		{342AE47E-C52E-4B74-8CCA-54DDCDF85B9B}.Debug|x86.ActiveCfg = Debug|Win32
		{342AE47E-C52E-4B74-8CCA-54DDCDF85B9B}.Debug|x86.Build.0 = Debug|Win32
		{342AE47E-C52E-4B74-8CCA-54DDCDF85B9B}.Release|x64.ActiveCfg = Release|x64
		{342AE47E-C52E-4B74-8CCA-54DDCDF85B9B}.Release|x64.Build.0 = Release|x64
		{342AE47E-C52E-4B74-8CCA-54DDCDF85B9B}.Release|x86.ActiveCfg = Release|Win32
		{342AE47E-C52E-4B74-8CCA-54DDCDF85B9B}.Release|x86.Build.0 = Release|Win32
		{980C2DA7-75EB-43E6-A93A-2853618C940C}.Debug|x64.ActiveCfg = Debug|x64
		{980C2DA7-75EB-43E6-A93A-2853618C940C}.Debug|x64.Build.0 = Debug|x64
		{980C2DA7-75EB-43E6-A93A-2853618C940C}.Debug|x86.ActiveCfg = Debug|Win32
		{980C2DA7-75EB-43E6-A93A-2853618C940C}.Debug|x86.Build.0 = Debug|Win32
		{980C2DA7-75EB-43E6-A93A-2853618C940C}.Release|x64.ActiveCfg = Release|x64
		{980C2DA7-75EB-43E6-A93A-2853618C940C}.Release|x64.Build.0 = Release|x64
		{980C2DA7-75EB-43E6-A93A-2853618C940C}.Release|x86.ActiveCfg = Release|Win32
		{980C2DA7-75EB-43E6-A93A-2853618C940C}.Release|x86.Build.0 = Release|Win32
		{A01319A8-9AF5-456E-8B0A-646F0C315C1C}.Debug|x64.ActiveCfg = Debug|x64
		{A01319A8-9AF5-456E-8B0A-646F0C315C1C}.Debug|x64.Build.0 = Debug|x64
		{A01319A8-9AF5-456E-8B0A-646F0C315C1C}.Debug|x86.ActiveCfg = Debug|Win32
		{A01319A8-9AF5-456E-8B0A-646F0C315C1C}.Debug|x86.Build.0 = Debug|Win32
		{A01319A8-9AF5-456E-8B0A-646F0C315C1C}.Release|x64.ActiveCfg = Release|x64
		{A01319A8-9AF5-456E-8B0A-646F0C315C1C}.Release|x64.Build.0 = Release|x64
		{A01319A8-9AF5-456E-8B0A-646F0C315C1C}.Release|x86.ActiveCfg = Release|Win32
		{A01319A8-9AF5-456E-8B0A-646F0C315C1C}.Release|x86.Build.0 = Release|Win32
		{E9F6BD69-5ECF-4752-98D6-2AAD02261A60}.Debug|x64.ActiveCfg = Debug|x64
		{E9F6BD69-5ECF-4752-98D6-2AAD02261A60}.Debug|x64.Build.0 = Debug|x64
		{E9F6BD69-5ECF-4752-98D6-2AAD02261A60}.Debug|x86.ActiveCfg = Debug|Win32
		{E9F6BD69-5ECF-4752-98D6-2AAD02261A60}.Debug|x86.Build.0 = Debug|Win32
		{E9F6BD69-5ECF-4752-98D6-2AAD02261A60}.Release|x64.ActiveCfg = Release|x64
		{E9F6BD69-5ECF-4752-98D6-2AAD02261A60}.Release|x64.Build.0 = Release|x64
		{E9F6BD69-5ECF-4752-98D6-2AAD02261A60}.Release|x86.ActiveCfg = Release|Win32
		{E9F6BD69-5ECF-4752-98D6-2AAD02261A60}.Release|x86.Build.0 = Release|Win32
		{CD7AC3CC-708E-4D01-8581-CADC80A75184}.Debug|x64.ActiveCfg = Debug|x64
		{CD7AC3CC-708E-4D01-8581-CADC80A75184}.Debug|x64.Build.0 = Debug|x64
		{CD7AC3CC-708E-4D01-8581-CADC80A75184}.Debug|x86.ActiveCfg = Debug|Win32
		{CD7AC3CC-708E-4D01-8581-CADC80A75184}.Debug|x86.Build.0 = Debug|Win32
		{CD7AC3CC-708E-4D01-8581-CADC80A75184}.Release|x64.ActiveCfg = Release|x64
		{CD7AC3CC-708E-4D01-8581-CADC80A75184}.Release|x64.Build.0 = Release|x64
		{CD7AC3CC-708E-4D01-8581-CADC80A75184}.Release|x86.ActiveCfg = Release|Win32
		{CD7AC3CC-708E-4D01-8581-CADC80A75184}.Release|x86.Build.0 = Release|Win32
		{5801E4E5-20FD-4C9A-9C7E-A440D6B7AC1D}.Debug|x64.ActiveCfg = Debug|x64
		{5801E4E5-20FD-4C9A-9C7E-A440D6B7AC1D}.Debug|x64.Build.0 = Debug|x64
		{5801E4E5-20FD-4C9A-9C7E-A440D6B7AC1D}.Debug|x86.ActiveCfg = Debug|Win32
		{5801E4E5-20FD-4C9A-9C7E-A440D6B7AC1D}.Debug|x86.Build.0 = Debug|Win32
		{5801E4E5-20FD-4C9A-9C7E-A440D6B7AC1D}.Release|x64.ActiveCfg = Release|x64
		{5801E4E5-20FD-4C9A-9C7E-A440D6B7AC1D}.Release|x64.Build.0 = Release|x64
		{5801E4E5-20FD-4C9A-9C7E-A440D6B7AC1D}.Release|x86.ActiveCfg = Release|Win32
		{5801E4E5-20FD-4C9A-9C7E-A440D6B7AC1D}.Release|x86.Build.0 = Release|Win32
	EndGlobalSection
	GlobalSection(SolutionProperties) = preSolution
		HideSolutionNode = FALSE
	EndGlobalSection
	GlobalSection(NestedProjects) = preSolution
		{1E047D7D-6F6D-488D-9F6F-CC83AEC47FF1} = {B4F886B9-9D51-4B7E-AF36-02D9F1461666}
		{8DEC28E2-FF99-4360-9CC0-836C5D14A063} = {1E047D7D-6F6D-488D-9F6F-CC83AEC47FF1}
		{59541E0A-0BDB-47F2-B943-3C018CEB35BF} = {1E047D7D-6F6D-488D-9F6F-CC83AEC47FF1}
		{DE2CE518-CB8F-4207-950F-AF17F5788088} = {1E047D7D-6F6D-488D-9F6F-CC83AEC47FF1}
		{44EF6DC3-46B8-4AFF-995E-EA33D18A7789} = {1E047D7D-6F6D-488D-9F6F-CC83AEC47FF1}
		{7A0C93A9-AB55-4F44-9036-BEAF55CAB416} = {1E047D7D-6F6D-488D-9F6F-CC83AEC47FF1}
		{AF08E1C7-521C-49DB-AD57-7EA88C1190A8} = {1E047D7D-6F6D-488D-9F6F-CC83AEC47FF1}
		{705B5143-98EA-4C85-8A9F-7B9B5E06C224} = {1E047D7D-6F6D-488D-9F6F-CC83AEC47FF1}
		{DAFD32A9-579E-419E-BDDD-6BE1077421A5} = {1E047D7D-6F6D-488D-9F6F-CC83AEC47FF1}
		{F1652D59-2535-4315-8DEC-5B97D2281173} = {1E047D7D-6F6D-488D-9F6F-CC83AEC47FF1}
		{1A55291D-1BB4-47E9-BE0E-106448C6209A} = {1E047D7D-6F6D-488D-9F6F-CC83AEC47FF1}
		{F0D57716-3984-4CB1-B070-4B9B6EDAE41A} = {1E047D7D-6F6D-488D-9F6F-CC83AEC47FF1}
		{631F0F71-E29E-4941-AC9D-B33526A45506} = {1E047D7D-6F6D-488D-9F6F-CC83AEC47FF1}
		{578A00C7-4BB9-49E2-881E-77ED6D9E3403} = {1E047D7D-6F6D-488D-9F6F-CC83AEC47FF1}
		{3FF04BA2-8C6F-49BC-8EF3-3C7648273B99} = {1E047D7D-6F6D-488D-9F6F-CC83AEC47FF1}
		{5660DA08-54C9-4887-A6E6-4407E6D28D1D} = {1E047D7D-6F6D-488D-9F6F-CC83AEC47FF1}
		{BB94A64D-791B-4288-9367-11FCA84421CE} = {1E047D7D-6F6D-488D-9F6F-CC83AEC47FF1}
		{B72EE4FB-65D6-4286-9378-534DC9FEECB1} = {1E047D7D-6F6D-488D-9F6F-CC83AEC47FF1}
		{779C51AC-1AAC-466D-90DE-C269347DCDA8} = {1E047D7D-6F6D-488D-9F6F-CC83AEC47FF1}
		{75FFF26F-8FA7-4470-8EE4-38BA36E235CB} = {1E047D7D-6F6D-488D-9F6F-CC83AEC47FF1}
		{FEF57979-0A12-40F8-965D-3E227BFC73E5} = {1E047D7D-6F6D-488D-9F6F-CC83AEC47FF1}
		{342AE47E-C52E-4B74-8CCA-54DDCDF85B9B} = {1E047D7D-6F6D-488D-9F6F-CC83AEC47FF1}
		{980C2DA7-75EB-43E6-A93A-2853618C940C} = {1E047D7D-6F6D-488D-9F6F-CC83AEC47FF1}
		{A01319A8-9AF5-456E-8B0A-646F0C315C1C} = {1E047D7D-6F6D-488D-9F6F-CC83AEC47FF1}
		{E9F6BD69-5ECF-4752-98D6-2AAD02261A60} = {1E047D7D-6F6D-488D-9F6F-CC83AEC47FF1}
		{CD7AC3CC-708E-4D01-8581-CADC80A75184} = {1E047D7D-6F6D-488D-9F6F-CC83AEC47FF1}
		{5801E4E5-20FD-4C9A-9C7E-A440D6B7AC1D} = {1E047D7D-6F6D-488D-9F6F-CC83AEC47FF1}
	EndGlobalSection
	GlobalSection(ExtensibilityGlobals) = postSolution
		SolutionGuid = {9DD2537C-5E3B-4044-914B-55CFCCFEDF9C}
	EndGlobalSection
EndGlobal
