Microsoft Visual Studio Solution File, Format Version 12.00
# Visual Studio Version 16
VisualStudioVersion = 16.0.29519.181
MinimumVisualStudioVersion = 10.0.40219.1
Project("{2150E333-8FDC-42A3-9474-1A3956D46DE8}") = "2019", "2019", "{570243E9-E088-427A-994B-68E506544043}"
EndProject
Project("{9A19103F-16F7-4668-BE54-9A1E7A4F7556}") = "day08-cs", "2019\day08-cs\day08-cs.csproj", "{C2A094ED-208E-47C9-A4DA-0666DB8EC5D8}"
EndProject
Project("{9A19103F-16F7-4668-BE54-9A1E7A4F7556}") = "util-cs", "2019\util-cs\util-cs.csproj", "{61049B81-1BA1-48B8-8C05-4B750E7061C6}"
EndProject
Project("{6EC3EE1D-3C4E-46DD-8F32-0CC8E7565705}") = "day08-fs", "2019\day08-fs\day08-fs.fsproj", "{2DD8EE78-DE18-4476-B45A-F05BF6E7D614}"
EndProject
Project("{8BC9CEB8-8B4A-11D0-8D11-00A0C91BC942}") = "interp", "2019\intcode\vs\interp.vcxproj", "{AF94262B-0CFA-4389-902C-5275DDF6E164}"
EndProject
Project("{8BC9CEB8-8B4A-11D0-8D11-00A0C91BC942}") = "intas", "2019\intcode\vs\intas.vcxproj", "{BEAB415E-DD7D-4526-BC96-B406C38037A3}"
EndProject
Project("{8BC9CEB8-8B4A-11D0-8D11-00A0C91BC942}") = "intcode", "2019\intcode\vs\intcode.vcxproj", "{7D85D0AF-C0C5-4CD1-8BAE-C120480337DD}"
EndProject
Project("{2150E333-8FDC-42A3-9474-1A3956D46DE8}") = "intcode", "intcode", "{203CBAE9-87DD-4A37-B7AF-28776624CB98}"
EndProject
Project("{8BC9CEB8-8B4A-11D0-8D11-00A0C91BC942}") = "compat", "2019\intcode\vs\compat.vcxproj", "{190863F3-C732-4060-B3CA-C45D1BBA4450}"
EndProject
Global
	GlobalSection(SolutionConfigurationPlatforms) = preSolution
		Debug|Any CPU = Debug|Any CPU
		Debug|x64 = Debug|x64
		Debug|x86 = Debug|x86
		Release|Any CPU = Release|Any CPU
		Release|x64 = Release|x64
		Release|x86 = Release|x86
	EndGlobalSection
	GlobalSection(ProjectConfigurationPlatforms) = postSolution
		{C2A094ED-208E-47C9-A4DA-0666DB8EC5D8}.Debug|Any CPU.ActiveCfg = Debug|Any CPU
		{C2A094ED-208E-47C9-A4DA-0666DB8EC5D8}.Debug|Any CPU.Build.0 = Debug|Any CPU
		{C2A094ED-208E-47C9-A4DA-0666DB8EC5D8}.Debug|x64.ActiveCfg = Debug|Any CPU
		{C2A094ED-208E-47C9-A4DA-0666DB8EC5D8}.Debug|x64.Build.0 = Debug|Any CPU
		{C2A094ED-208E-47C9-A4DA-0666DB8EC5D8}.Debug|x86.ActiveCfg = Debug|Any CPU
		{C2A094ED-208E-47C9-A4DA-0666DB8EC5D8}.Debug|x86.Build.0 = Debug|Any CPU
		{C2A094ED-208E-47C9-A4DA-0666DB8EC5D8}.Release|Any CPU.ActiveCfg = Release|Any CPU
		{C2A094ED-208E-47C9-A4DA-0666DB8EC5D8}.Release|Any CPU.Build.0 = Release|Any CPU
		{C2A094ED-208E-47C9-A4DA-0666DB8EC5D8}.Release|x64.ActiveCfg = Release|Any CPU
		{C2A094ED-208E-47C9-A4DA-0666DB8EC5D8}.Release|x64.Build.0 = Release|Any CPU
		{C2A094ED-208E-47C9-A4DA-0666DB8EC5D8}.Release|x86.ActiveCfg = Release|Any CPU
		{C2A094ED-208E-47C9-A4DA-0666DB8EC5D8}.Release|x86.Build.0 = Release|Any CPU
		{61049B81-1BA1-48B8-8C05-4B750E7061C6}.Debug|Any CPU.ActiveCfg = Debug|Any CPU
		{61049B81-1BA1-48B8-8C05-4B750E7061C6}.Debug|Any CPU.Build.0 = Debug|Any CPU
		{61049B81-1BA1-48B8-8C05-4B750E7061C6}.Debug|x64.ActiveCfg = Debug|Any CPU
		{61049B81-1BA1-48B8-8C05-4B750E7061C6}.Debug|x64.Build.0 = Debug|Any CPU
		{61049B81-1BA1-48B8-8C05-4B750E7061C6}.Debug|x86.ActiveCfg = Debug|Any CPU
		{61049B81-1BA1-48B8-8C05-4B750E7061C6}.Debug|x86.Build.0 = Debug|Any CPU
		{61049B81-1BA1-48B8-8C05-4B750E7061C6}.Release|Any CPU.ActiveCfg = Release|Any CPU
		{61049B81-1BA1-48B8-8C05-4B750E7061C6}.Release|Any CPU.Build.0 = Release|Any CPU
		{61049B81-1BA1-48B8-8C05-4B750E7061C6}.Release|x64.ActiveCfg = Release|Any CPU
		{61049B81-1BA1-48B8-8C05-4B750E7061C6}.Release|x64.Build.0 = Release|Any CPU
		{61049B81-1BA1-48B8-8C05-4B750E7061C6}.Release|x86.ActiveCfg = Release|Any CPU
		{61049B81-1BA1-48B8-8C05-4B750E7061C6}.Release|x86.Build.0 = Release|Any CPU
		{2DD8EE78-DE18-4476-B45A-F05BF6E7D614}.Debug|Any CPU.ActiveCfg = Debug|Any CPU
		{2DD8EE78-DE18-4476-B45A-F05BF6E7D614}.Debug|Any CPU.Build.0 = Debug|Any CPU
		{2DD8EE78-DE18-4476-B45A-F05BF6E7D614}.Debug|x64.ActiveCfg = Debug|Any CPU
		{2DD8EE78-DE18-4476-B45A-F05BF6E7D614}.Debug|x64.Build.0 = Debug|Any CPU
		{2DD8EE78-DE18-4476-B45A-F05BF6E7D614}.Debug|x86.ActiveCfg = Debug|Any CPU
		{2DD8EE78-DE18-4476-B45A-F05BF6E7D614}.Debug|x86.Build.0 = Debug|Any CPU
		{2DD8EE78-DE18-4476-B45A-F05BF6E7D614}.Release|Any CPU.ActiveCfg = Release|Any CPU
		{2DD8EE78-DE18-4476-B45A-F05BF6E7D614}.Release|Any CPU.Build.0 = Release|Any CPU
		{2DD8EE78-DE18-4476-B45A-F05BF6E7D614}.Release|x64.ActiveCfg = Release|Any CPU
		{2DD8EE78-DE18-4476-B45A-F05BF6E7D614}.Release|x64.Build.0 = Release|Any CPU
		{2DD8EE78-DE18-4476-B45A-F05BF6E7D614}.Release|x86.ActiveCfg = Release|Any CPU
		{2DD8EE78-DE18-4476-B45A-F05BF6E7D614}.Release|x86.Build.0 = Release|Any CPU
		{AF94262B-0CFA-4389-902C-5275DDF6E164}.Debug|Any CPU.ActiveCfg = Debug|Win32
		{AF94262B-0CFA-4389-902C-5275DDF6E164}.Debug|x64.ActiveCfg = Debug|x64
		{AF94262B-0CFA-4389-902C-5275DDF6E164}.Debug|x64.Build.0 = Debug|x64
		{AF94262B-0CFA-4389-902C-5275DDF6E164}.Debug|x86.ActiveCfg = Debug|Win32
		{AF94262B-0CFA-4389-902C-5275DDF6E164}.Debug|x86.Build.0 = Debug|Win32
		{AF94262B-0CFA-4389-902C-5275DDF6E164}.Release|Any CPU.ActiveCfg = Release|Win32
		{AF94262B-0CFA-4389-902C-5275DDF6E164}.Release|x64.ActiveCfg = Release|x64
		{AF94262B-0CFA-4389-902C-5275DDF6E164}.Release|x64.Build.0 = Release|x64
		{AF94262B-0CFA-4389-902C-5275DDF6E164}.Release|x86.ActiveCfg = Release|Win32
		{AF94262B-0CFA-4389-902C-5275DDF6E164}.Release|x86.Build.0 = Release|Win32
		{BEAB415E-DD7D-4526-BC96-B406C38037A3}.Debug|Any CPU.ActiveCfg = Debug|Win32
		{BEAB415E-DD7D-4526-BC96-B406C38037A3}.Debug|x64.ActiveCfg = Debug|x64
		{BEAB415E-DD7D-4526-BC96-B406C38037A3}.Debug|x64.Build.0 = Debug|x64
		{BEAB415E-DD7D-4526-BC96-B406C38037A3}.Debug|x86.ActiveCfg = Debug|Win32
		{BEAB415E-DD7D-4526-BC96-B406C38037A3}.Debug|x86.Build.0 = Debug|Win32
		{BEAB415E-DD7D-4526-BC96-B406C38037A3}.Release|Any CPU.ActiveCfg = Release|Win32
		{BEAB415E-DD7D-4526-BC96-B406C38037A3}.Release|x64.ActiveCfg = Release|x64
		{BEAB415E-DD7D-4526-BC96-B406C38037A3}.Release|x64.Build.0 = Release|x64
		{BEAB415E-DD7D-4526-BC96-B406C38037A3}.Release|x86.ActiveCfg = Release|Win32
		{BEAB415E-DD7D-4526-BC96-B406C38037A3}.Release|x86.Build.0 = Release|Win32
		{7D85D0AF-C0C5-4CD1-8BAE-C120480337DD}.Debug|Any CPU.ActiveCfg = Debug|Win32
		{7D85D0AF-C0C5-4CD1-8BAE-C120480337DD}.Debug|x64.ActiveCfg = Debug|x64
		{7D85D0AF-C0C5-4CD1-8BAE-C120480337DD}.Debug|x64.Build.0 = Debug|x64
		{7D85D0AF-C0C5-4CD1-8BAE-C120480337DD}.Debug|x86.ActiveCfg = Debug|Win32
		{7D85D0AF-C0C5-4CD1-8BAE-C120480337DD}.Debug|x86.Build.0 = Debug|Win32
		{7D85D0AF-C0C5-4CD1-8BAE-C120480337DD}.Release|Any CPU.ActiveCfg = Release|Win32
		{7D85D0AF-C0C5-4CD1-8BAE-C120480337DD}.Release|x64.ActiveCfg = Release|x64
		{7D85D0AF-C0C5-4CD1-8BAE-C120480337DD}.Release|x64.Build.0 = Release|x64
		{7D85D0AF-C0C5-4CD1-8BAE-C120480337DD}.Release|x86.ActiveCfg = Release|Win32
		{7D85D0AF-C0C5-4CD1-8BAE-C120480337DD}.Release|x86.Build.0 = Release|Win32
		{190863F3-C732-4060-B3CA-C45D1BBA4450}.Debug|Any CPU.ActiveCfg = Debug|Win32
		{190863F3-C732-4060-B3CA-C45D1BBA4450}.Debug|x64.ActiveCfg = Debug|x64
		{190863F3-C732-4060-B3CA-C45D1BBA4450}.Debug|x64.Build.0 = Debug|x64
		{190863F3-C732-4060-B3CA-C45D1BBA4450}.Debug|x86.ActiveCfg = Debug|Win32
		{190863F3-C732-4060-B3CA-C45D1BBA4450}.Debug|x86.Build.0 = Debug|Win32
		{190863F3-C732-4060-B3CA-C45D1BBA4450}.Release|Any CPU.ActiveCfg = Release|Win32
		{190863F3-C732-4060-B3CA-C45D1BBA4450}.Release|x64.ActiveCfg = Release|x64
		{190863F3-C732-4060-B3CA-C45D1BBA4450}.Release|x64.Build.0 = Release|x64
		{190863F3-C732-4060-B3CA-C45D1BBA4450}.Release|x86.ActiveCfg = Release|Win32
		{190863F3-C732-4060-B3CA-C45D1BBA4450}.Release|x86.Build.0 = Release|Win32
	EndGlobalSection
	GlobalSection(SolutionProperties) = preSolution
		HideSolutionNode = FALSE
	EndGlobalSection
	GlobalSection(NestedProjects) = preSolution
		{C2A094ED-208E-47C9-A4DA-0666DB8EC5D8} = {570243E9-E088-427A-994B-68E506544043}
		{61049B81-1BA1-48B8-8C05-4B750E7061C6} = {570243E9-E088-427A-994B-68E506544043}
		{2DD8EE78-DE18-4476-B45A-F05BF6E7D614} = {570243E9-E088-427A-994B-68E506544043}
		{AF94262B-0CFA-4389-902C-5275DDF6E164} = {203CBAE9-87DD-4A37-B7AF-28776624CB98}
		{BEAB415E-DD7D-4526-BC96-B406C38037A3} = {203CBAE9-87DD-4A37-B7AF-28776624CB98}
		{7D85D0AF-C0C5-4CD1-8BAE-C120480337DD} = {203CBAE9-87DD-4A37-B7AF-28776624CB98}
		{203CBAE9-87DD-4A37-B7AF-28776624CB98} = {570243E9-E088-427A-994B-68E506544043}
		{190863F3-C732-4060-B3CA-C45D1BBA4450} = {203CBAE9-87DD-4A37-B7AF-28776624CB98}
	EndGlobalSection
	GlobalSection(ExtensibilityGlobals) = postSolution
		SolutionGuid = {5131F763-A670-4913-8F07-CD6A34B55394}
	EndGlobalSection
EndGlobal
