
Microsoft Visual Studio Solution File, Format Version 12.00
Project("{FAE04EC0-301F-11D3-BF4B-00C04F79EFBC}") = "day01", "day01\day01.csproj", "{698553A3-682A-446C-91B7-ABDF41677BE1}"
EndProject
Global
	GlobalSection(SolutionConfigurationPlatforms) = preSolution
		Debug|Any CPU = Debug|Any CPU
		Release|Any CPU = Release|Any CPU
	EndGlobalSection
	GlobalSection(ProjectConfigurationPlatforms) = postSolution
		{698553A3-682A-446C-91B7-ABDF41677BE1}.Debug|Any CPU.ActiveCfg = Debug|Any CPU
		{698553A3-682A-446C-91B7-ABDF41677BE1}.Debug|Any CPU.Build.0 = Debug|Any CPU
		{698553A3-682A-446C-91B7-ABDF41677BE1}.Release|Any CPU.ActiveCfg = Release|Any CPU
		{698553A3-682A-446C-91B7-ABDF41677BE1}.Release|Any CPU.Build.0 = Release|Any CPU
	EndGlobalSection
EndGlobal
