
Microsoft Visual Studio Solution File, Format Version 12.00
Project("{FAE04EC0-301F-11D3-BF4B-00C04F79EFBC}") = "day01", "day01\day01.csproj", "{3EA75729-E676-4955-B9E1-021C0A8B0F11}"
EndProject
Project("{FAE04EC0-301F-11D3-BF4B-00C04F79EFBC}") = "day02", "day02\day02.csproj", "{81C09BFB-3B37-40FE-86A6-0AA0B960AD82}"
EndProject
Project("{FAE04EC0-301F-11D3-BF4B-00C04F79EFBC}") = "day03", "day03\day03.csproj", "{D023EB2F-54F4-4742-AD4C-847EC4EDCA1D}"
EndProject
Project("{FAE04EC0-301F-11D3-BF4B-00C04F79EFBC}") = "day04", "day04\day04.csproj", "{3683A2E1-5026-4CD2-B3E2-B0D262293339}"
EndProject
Project("{FAE04EC0-301F-11D3-BF4B-00C04F79EFBC}") = "day06", "day06\day06.csproj", "{344353C2-2399-41DB-9AFE-D01500D4303F}"
EndProject
Project("{FAE04EC0-301F-11D3-BF4B-00C04F79EFBC}") = "day07", "day07\day07.csproj", "{58CB8FEF-3B59-4012-9B81-82B79968A96C}"
EndProject
Project("{FAE04EC0-301F-11D3-BF4B-00C04F79EFBC}") = "day08", "day08\day08.csproj", "{6A266526-FBEC-4CE9-8D56-AFB458BC6C79}"
EndProject
Project("{FAE04EC0-301F-11D3-BF4B-00C04F79EFBC}") = "day13", "day13\day13.csproj", "{E71FC479-EAC8-4503-AE80-1DCCED2BC476}"
EndProject
Project("{FAE04EC0-301F-11D3-BF4B-00C04F79EFBC}") = "day14-recur", "day14-recur\day14-recur.csproj", "{7E7F1504-82FC-4D5C-B159-2F43B193650C}"
EndProject
Project("{FAE04EC0-301F-11D3-BF4B-00C04F79EFBC}") = "day14", "day14\day14.csproj", "{DD8E8063-136C-4946-A138-92509BAAC57F}"
EndProject
Global
	GlobalSection(SolutionConfigurationPlatforms) = preSolution
		Debug|Any CPU = Debug|Any CPU
		Release|Any CPU = Release|Any CPU
	EndGlobalSection
	GlobalSection(ProjectConfigurationPlatforms) = postSolution
		{3EA75729-E676-4955-B9E1-021C0A8B0F11}.Debug|Any CPU.ActiveCfg = Debug|Any CPU
		{3EA75729-E676-4955-B9E1-021C0A8B0F11}.Debug|Any CPU.Build.0 = Debug|Any CPU
		{3EA75729-E676-4955-B9E1-021C0A8B0F11}.Release|Any CPU.ActiveCfg = Release|Any CPU
		{3EA75729-E676-4955-B9E1-021C0A8B0F11}.Release|Any CPU.Build.0 = Release|Any CPU
		{81C09BFB-3B37-40FE-86A6-0AA0B960AD82}.Debug|Any CPU.ActiveCfg = Debug|Any CPU
		{81C09BFB-3B37-40FE-86A6-0AA0B960AD82}.Debug|Any CPU.Build.0 = Debug|Any CPU
		{81C09BFB-3B37-40FE-86A6-0AA0B960AD82}.Release|Any CPU.ActiveCfg = Release|Any CPU
		{81C09BFB-3B37-40FE-86A6-0AA0B960AD82}.Release|Any CPU.Build.0 = Release|Any CPU
		{D023EB2F-54F4-4742-AD4C-847EC4EDCA1D}.Debug|Any CPU.ActiveCfg = Debug|Any CPU
		{D023EB2F-54F4-4742-AD4C-847EC4EDCA1D}.Debug|Any CPU.Build.0 = Debug|Any CPU
		{D023EB2F-54F4-4742-AD4C-847EC4EDCA1D}.Release|Any CPU.ActiveCfg = Release|Any CPU
		{D023EB2F-54F4-4742-AD4C-847EC4EDCA1D}.Release|Any CPU.Build.0 = Release|Any CPU
		{3683A2E1-5026-4CD2-B3E2-B0D262293339}.Debug|Any CPU.ActiveCfg = Debug|Any CPU
		{3683A2E1-5026-4CD2-B3E2-B0D262293339}.Debug|Any CPU.Build.0 = Debug|Any CPU
		{3683A2E1-5026-4CD2-B3E2-B0D262293339}.Release|Any CPU.ActiveCfg = Release|Any CPU
		{3683A2E1-5026-4CD2-B3E2-B0D262293339}.Release|Any CPU.Build.0 = Release|Any CPU
		{344353C2-2399-41DB-9AFE-D01500D4303F}.Debug|Any CPU.ActiveCfg = Debug|Any CPU
		{344353C2-2399-41DB-9AFE-D01500D4303F}.Debug|Any CPU.Build.0 = Debug|Any CPU
		{344353C2-2399-41DB-9AFE-D01500D4303F}.Release|Any CPU.ActiveCfg = Release|Any CPU
		{344353C2-2399-41DB-9AFE-D01500D4303F}.Release|Any CPU.Build.0 = Release|Any CPU
		{58CB8FEF-3B59-4012-9B81-82B79968A96C}.Debug|Any CPU.ActiveCfg = Debug|Any CPU
		{58CB8FEF-3B59-4012-9B81-82B79968A96C}.Debug|Any CPU.Build.0 = Debug|Any CPU
		{58CB8FEF-3B59-4012-9B81-82B79968A96C}.Release|Any CPU.ActiveCfg = Release|Any CPU
		{58CB8FEF-3B59-4012-9B81-82B79968A96C}.Release|Any CPU.Build.0 = Release|Any CPU
		{6A266526-FBEC-4CE9-8D56-AFB458BC6C79}.Debug|Any CPU.ActiveCfg = Debug|Any CPU
		{6A266526-FBEC-4CE9-8D56-AFB458BC6C79}.Debug|Any CPU.Build.0 = Debug|Any CPU
		{6A266526-FBEC-4CE9-8D56-AFB458BC6C79}.Release|Any CPU.ActiveCfg = Release|Any CPU
		{6A266526-FBEC-4CE9-8D56-AFB458BC6C79}.Release|Any CPU.Build.0 = Release|Any CPU
		{E71FC479-EAC8-4503-AE80-1DCCED2BC476}.Debug|Any CPU.ActiveCfg = Debug|Any CPU
		{E71FC479-EAC8-4503-AE80-1DCCED2BC476}.Debug|Any CPU.Build.0 = Debug|Any CPU
		{E71FC479-EAC8-4503-AE80-1DCCED2BC476}.Release|Any CPU.ActiveCfg = Release|Any CPU
		{E71FC479-EAC8-4503-AE80-1DCCED2BC476}.Release|Any CPU.Build.0 = Release|Any CPU
		{7E7F1504-82FC-4D5C-B159-2F43B193650C}.Debug|Any CPU.ActiveCfg = Debug|Any CPU
		{7E7F1504-82FC-4D5C-B159-2F43B193650C}.Debug|Any CPU.Build.0 = Debug|Any CPU
		{7E7F1504-82FC-4D5C-B159-2F43B193650C}.Release|Any CPU.ActiveCfg = Release|Any CPU
		{7E7F1504-82FC-4D5C-B159-2F43B193650C}.Release|Any CPU.Build.0 = Release|Any CPU
		{DD8E8063-136C-4946-A138-92509BAAC57F}.Debug|Any CPU.ActiveCfg = Debug|Any CPU
		{DD8E8063-136C-4946-A138-92509BAAC57F}.Debug|Any CPU.Build.0 = Debug|Any CPU
		{DD8E8063-136C-4946-A138-92509BAAC57F}.Release|Any CPU.ActiveCfg = Release|Any CPU
		{DD8E8063-136C-4946-A138-92509BAAC57F}.Release|Any CPU.Build.0 = Release|Any CPU
	EndGlobalSection
EndGlobal
